
Microsoft Visual Studio Solution File, Format Version 12.00
# Visual Studio 15
Project("{FAE04EC0-301F-11D3-BF4B-00C04F79EFBC}") = "UnityEngine.UI", "UnityEngine.UI.csproj", "{DEBB4003-8377-3A55-8992-5CB015047B05}"
EndProject
Project("{FAE04EC0-301F-11D3-BF4B-00C04F79EFBC}") = "UnityEngine.TestRunner", "UnityEngine.TestRunner.csproj", "{4ACA8815-8DED-04ED-FE07-2E2206BD6259}"
EndProject
Project("{FAE04EC0-301F-11D3-BF4B-00C04F79EFBC}") = "Assembly-CSharp", "Assembly-CSharp.csproj", "{AABA97EC-6674-C180-980F-8D3E6BE04AA3}"
EndProject
Project("{FAE04EC0-301F-11D3-BF4B-00C04F79EFBC}") = "Unity.2D.Animation.Triangle.Runtime", "Unity.2D.Animation.Triangle.Runtime.csproj", "{1AC26F96-46E7-A78B-4266-55E4ED4936F0}"
EndProject
Project("{FAE04EC0-301F-11D3-BF4B-00C04F79EFBC}") = "Unity.Barracuda", "Unity.Barracuda.csproj", "{65A545E1-8A22-88E7-557A-21ADA578CA88}"
EndProject
Project("{FAE04EC0-301F-11D3-BF4B-00C04F79EFBC}") = "Unity.TextMeshPro", "Unity.TextMeshPro.csproj", "{00E831D1-E77B-3E2A-FDE6-B18CF5002AA1}"
EndProject
Project("{FAE04EC0-301F-11D3-BF4B-00C04F79EFBC}") = "Unity.ML-Agents", "Unity.ML-Agents.csproj", "{B3802F28-D29B-46E4-20D9-EA4EC52A8F42}"
EndProject
Project("{FAE04EC0-301F-11D3-BF4B-00C04F79EFBC}") = "Unity.2D.Animation.Runtime", "Unity.2D.Animation.Runtime.csproj", "{BFF1A514-7307-00C5-7EA6-723D969277BB}"
EndProject
Project("{FAE04EC0-301F-11D3-BF4B-00C04F79EFBC}") = "Unity.Timeline", "Unity.Timeline.csproj", "{A1E782C0-C699-13F8-7025-4E9C6EC7A563}"
EndProject
Project("{FAE04EC0-301F-11D3-BF4B-00C04F79EFBC}") = "AstarPathfindingProject", "AstarPathfindingProject.csproj", "{98F5DAB2-ACB1-7702-A023-544FA171C45A}"
EndProject
Project("{FAE04EC0-301F-11D3-BF4B-00C04F79EFBC}") = "Unity.Mathematics", "Unity.Mathematics.csproj", "{C81A2509-A5BB-C93F-5F5D-C65787CC06C9}"
EndProject
Project("{FAE04EC0-301F-11D3-BF4B-00C04F79EFBC}") = "Unity.2D.SpriteShape.Runtime", "Unity.2D.SpriteShape.Runtime.csproj", "{FFE42818-DEA4-4F95-04F4-295162BDD87C}"
EndProject
Project("{FAE04EC0-301F-11D3-BF4B-00C04F79EFBC}") = "Unity.Burst", "Unity.Burst.csproj", "{A94F6788-F6B9-BD89-8450-E936CA72F280}"
EndProject
Project("{FAE04EC0-301F-11D3-BF4B-00C04F79EFBC}") = "Unity.ML-Agents.CommunicatorObjects", "Unity.ML-Agents.CommunicatorObjects.csproj", "{D50F016E-8C35-4258-E5C1-19E34785B2DF}"
EndProject
Project("{FAE04EC0-301F-11D3-BF4B-00C04F79EFBC}") = "Unity.Barracuda.ONNX", "Unity.Barracuda.ONNX.csproj", "{FA68A03A-6888-3576-02D5-689273A26AAC}"
EndProject
Project("{FAE04EC0-301F-11D3-BF4B-00C04F79EFBC}") = "Unity.2D.PixelPerfect", "Unity.2D.PixelPerfect.csproj", "{1939E5E4-5E77-B8C6-C2C2-49EAFFD9EE4B}"
EndProject
Project("{FAE04EC0-301F-11D3-BF4B-00C04F79EFBC}") = "Unity.Barracuda.MacBLAS", "Unity.Barracuda.MacBLAS.csproj", "{DA6DE7FF-CD0D-8D31-174D-CA28403C8132}"
EndProject
Project("{FAE04EC0-301F-11D3-BF4B-00C04F79EFBC}") = "Unity.InternalAPIEngineBridge.001", "Unity.InternalAPIEngineBridge.001.csproj", "{F1C22CBF-05D9-E782-E4BE-CE0229DAB6D6}"
EndProject
Project("{FAE04EC0-301F-11D3-BF4B-00C04F79EFBC}") = "Unity.Barracuda.BurstBLAS", "Unity.Barracuda.BurstBLAS.csproj", "{F73A924E-6E45-E49B-361E-DE31A4CDE871}"
EndProject
Project("{FAE04EC0-301F-11D3-BF4B-00C04F79EFBC}") = "Unity.Barracuda.iOSBLAS", "Unity.Barracuda.iOSBLAS.csproj", "{D1947D8A-E635-8A3C-F01C-39BE0D83A462}"
EndProject
Project("{FAE04EC0-301F-11D3-BF4B-00C04F79EFBC}") = "Unity.2D.Common.Runtime", "Unity.2D.Common.Runtime.csproj", "{6F32967D-6C11-2088-EF0E-C2FCDA18D080}"
EndProject
Project("{FAE04EC0-301F-11D3-BF4B-00C04F79EFBC}") = "UnityEditor.TestRunner", "UnityEditor.TestRunner.csproj", "{30B68DF3-AC60-8656-B1FB-ACE6857450A6}"
EndProject
Project("{FAE04EC0-301F-11D3-BF4B-00C04F79EFBC}") = "Unity.TextMeshPro.Editor", "Unity.TextMeshPro.Editor.csproj", "{D62FB696-75AD-0CA2-6394-6CFF7D7EA9FF}"
EndProject
Project("{FAE04EC0-301F-11D3-BF4B-00C04F79EFBC}") = "Unity.Timeline.Editor", "Unity.Timeline.Editor.csproj", "{EE9634C3-4D94-0CA8-C860-4927622814DB}"
EndProject
Project("{FAE04EC0-301F-11D3-BF4B-00C04F79EFBC}") = "com.unity.quicksearch", "com.unity.quicksearch.csproj", "{D349B916-65F9-9389-3963-A7AE958EE435}"
EndProject
Project("{FAE04EC0-301F-11D3-BF4B-00C04F79EFBC}") = "Unity.2D.Animation.Editor", "Unity.2D.Animation.Editor.csproj", "{8691B0CD-7E9E-1BEB-0A0D-893BD7C41423}"
EndProject
Project("{FAE04EC0-301F-11D3-BF4B-00C04F79EFBC}") = "Unity.2D.Path.Editor", "Unity.2D.Path.Editor.csproj", "{4F9496F8-E795-7775-434E-14ED1E88321F}"
EndProject
Project("{FAE04EC0-301F-11D3-BF4B-00C04F79EFBC}") = "AstarPathfindingProjectEditor", "AstarPathfindingProjectEditor.csproj", "{4BCD8E0A-947B-B168-ACC3-51FE8D551947}"
EndProject
Project("{FAE04EC0-301F-11D3-BF4B-00C04F79EFBC}") = "Unity.2D.Sprite.Editor", "Unity.2D.Sprite.Editor.csproj", "{FAD92001-C970-F1FD-1E33-45E36943BB81}"
EndProject
Project("{FAE04EC0-301F-11D3-BF4B-00C04F79EFBC}") = "UnityEditor.UI", "UnityEditor.UI.csproj", "{796647F6-904A-893B-1042-04C4FC828EE8}"
EndProject
Project("{FAE04EC0-301F-11D3-BF4B-00C04F79EFBC}") = "Assembly-CSharp-Editor", "Assembly-CSharp-Editor.csproj", "{7250BEFA-162E-3461-D7D9-83EEE849FF79}"
EndProject
Project("{FAE04EC0-301F-11D3-BF4B-00C04F79EFBC}") = "Unity.Rider.Editor", "Unity.Rider.Editor.csproj", "{6F4BC382-ABF5-C984-F260-F12B9D6143E1}"
EndProject
Project("{FAE04EC0-301F-11D3-BF4B-00C04F79EFBC}") = "Unity.2D.Tilemap.Editor", "Unity.2D.Tilemap.Editor.csproj", "{85136E50-A629-4F02-6075-315B97359BAB}"
EndProject
Project("{FAE04EC0-301F-11D3-BF4B-00C04F79EFBC}") = "Unity.ML-Agents.Editor", "Unity.ML-Agents.Editor.csproj", "{4E28BC74-2813-FA9C-025E-A7B9206C222D}"
EndProject
Project("{FAE04EC0-301F-11D3-BF4B-00C04F79EFBC}") = "Unity.2D.SpriteShape.Editor", "Unity.2D.SpriteShape.Editor.csproj", "{89935797-F10A-F676-0D67-64F100F33E3D}"
EndProject
Project("{FAE04EC0-301F-11D3-BF4B-00C04F79EFBC}") = "PsdPlugin", "PsdPlugin.csproj", "{1CE40032-8118-5EDA-2942-53FE8D95FA7B}"
EndProject
Project("{FAE04EC0-301F-11D3-BF4B-00C04F79EFBC}") = "Unity.Barracuda.Editor", "Unity.Barracuda.Editor.csproj", "{40542FBE-0335-45A6-C0FD-B3838D198554}"
EndProject
Project("{FAE04EC0-301F-11D3-BF4B-00C04F79EFBC}") = "PackageToolsEditor", "PackageToolsEditor.csproj", "{5077E3C0-FF33-0049-6F1E-88E58F0733A4}"
EndProject
Project("{FAE04EC0-301F-11D3-BF4B-00C04F79EFBC}") = "Unity.CollabProxy.Editor", "Unity.CollabProxy.Editor.csproj", "{88364566-6F2C-FEEA-C6E2-D9669A1E1AAC}"
EndProject
Project("{FAE04EC0-301F-11D3-BF4B-00C04F79EFBC}") = "Unity.2D.Common.Editor", "Unity.2D.Common.Editor.csproj", "{089A7698-DB8A-2E75-D621-9638A8452376}"
EndProject
Project("{FAE04EC0-301F-11D3-BF4B-00C04F79EFBC}") = "Unity.VSCode.Editor", "Unity.VSCode.Editor.csproj", "{640F7713-3DB9-29D0-FF8C-6C5E146A74C6}"
EndProject
Project("{FAE04EC0-301F-11D3-BF4B-00C04F79EFBC}") = "Unity.2D.Psdimporter.Editor", "Unity.2D.Psdimporter.Editor.csproj", "{86F859E3-9AA7-3C5C-9A30-AD988567F55F}"
EndProject
Project("{FAE04EC0-301F-11D3-BF4B-00C04F79EFBC}") = "Unity.Burst.Editor", "Unity.Burst.Editor.csproj", "{62109640-75B5-2E89-F8B9-D7F5F803E3B8}"
EndProject
Project("{FAE04EC0-301F-11D3-BF4B-00C04F79EFBC}") = "Unity.2D.PixelPerfect.Editor", "Unity.2D.PixelPerfect.Editor.csproj", "{DC91C76C-568D-8EB5-6FE7-491CC9C4100C}"
EndProject
Project("{FAE04EC0-301F-11D3-BF4B-00C04F79EFBC}") = "Unity.Mathematics.Editor", "Unity.Mathematics.Editor.csproj", "{CCE3AC9B-1A29-9BDE-6658-66CAD239DE62}"
EndProject
Project("{FAE04EC0-301F-11D3-BF4B-00C04F79EFBC}") = "Unity.InternalAPIEditorBridge.001", "Unity.InternalAPIEditorBridge.001.csproj", "{7EFE9F63-FE8C-C4EE-A498-8726D48A9BD3}"
EndProject
Global
	GlobalSection(SolutionConfigurationPlatforms) = preSolution
		Debug|Any CPU = Debug|Any CPU
		Release|Any CPU = Release|Any CPU
	EndGlobalSection
	GlobalSection(ProjectConfigurationPlatforms) = postSolution
		{DEBB4003-8377-3A55-8992-5CB015047B05}.Debug|Any CPU.ActiveCfg = Debug|Any CPU
		{DEBB4003-8377-3A55-8992-5CB015047B05}.Debug|Any CPU.Build.0 = Debug|Any CPU
		{DEBB4003-8377-3A55-8992-5CB015047B05}.Release|Any CPU.ActiveCfg = Release|Any CPU
		{DEBB4003-8377-3A55-8992-5CB015047B05}.Release|Any CPU.Build.0 = Release|Any CPU
		{4ACA8815-8DED-04ED-FE07-2E2206BD6259}.Debug|Any CPU.ActiveCfg = Debug|Any CPU
		{4ACA8815-8DED-04ED-FE07-2E2206BD6259}.Debug|Any CPU.Build.0 = Debug|Any CPU
		{4ACA8815-8DED-04ED-FE07-2E2206BD6259}.Release|Any CPU.ActiveCfg = Release|Any CPU
		{4ACA8815-8DED-04ED-FE07-2E2206BD6259}.Release|Any CPU.Build.0 = Release|Any CPU
		{AABA97EC-6674-C180-980F-8D3E6BE04AA3}.Debug|Any CPU.ActiveCfg = Debug|Any CPU
		{AABA97EC-6674-C180-980F-8D3E6BE04AA3}.Debug|Any CPU.Build.0 = Debug|Any CPU
		{AABA97EC-6674-C180-980F-8D3E6BE04AA3}.Release|Any CPU.ActiveCfg = Release|Any CPU
		{AABA97EC-6674-C180-980F-8D3E6BE04AA3}.Release|Any CPU.Build.0 = Release|Any CPU
		{1AC26F96-46E7-A78B-4266-55E4ED4936F0}.Debug|Any CPU.ActiveCfg = Debug|Any CPU
		{1AC26F96-46E7-A78B-4266-55E4ED4936F0}.Debug|Any CPU.Build.0 = Debug|Any CPU
		{1AC26F96-46E7-A78B-4266-55E4ED4936F0}.Release|Any CPU.ActiveCfg = Release|Any CPU
		{1AC26F96-46E7-A78B-4266-55E4ED4936F0}.Release|Any CPU.Build.0 = Release|Any CPU
		{65A545E1-8A22-88E7-557A-21ADA578CA88}.Debug|Any CPU.ActiveCfg = Debug|Any CPU
		{65A545E1-8A22-88E7-557A-21ADA578CA88}.Debug|Any CPU.Build.0 = Debug|Any CPU
		{65A545E1-8A22-88E7-557A-21ADA578CA88}.Release|Any CPU.ActiveCfg = Release|Any CPU
		{65A545E1-8A22-88E7-557A-21ADA578CA88}.Release|Any CPU.Build.0 = Release|Any CPU
		{00E831D1-E77B-3E2A-FDE6-B18CF5002AA1}.Debug|Any CPU.ActiveCfg = Debug|Any CPU
		{00E831D1-E77B-3E2A-FDE6-B18CF5002AA1}.Debug|Any CPU.Build.0 = Debug|Any CPU
		{00E831D1-E77B-3E2A-FDE6-B18CF5002AA1}.Release|Any CPU.ActiveCfg = Release|Any CPU
		{00E831D1-E77B-3E2A-FDE6-B18CF5002AA1}.Release|Any CPU.Build.0 = Release|Any CPU
		{B3802F28-D29B-46E4-20D9-EA4EC52A8F42}.Debug|Any CPU.ActiveCfg = Debug|Any CPU
		{B3802F28-D29B-46E4-20D9-EA4EC52A8F42}.Debug|Any CPU.Build.0 = Debug|Any CPU
		{B3802F28-D29B-46E4-20D9-EA4EC52A8F42}.Release|Any CPU.ActiveCfg = Release|Any CPU
		{B3802F28-D29B-46E4-20D9-EA4EC52A8F42}.Release|Any CPU.Build.0 = Release|Any CPU
		{BFF1A514-7307-00C5-7EA6-723D969277BB}.Debug|Any CPU.ActiveCfg = Debug|Any CPU
		{BFF1A514-7307-00C5-7EA6-723D969277BB}.Debug|Any CPU.Build.0 = Debug|Any CPU
		{BFF1A514-7307-00C5-7EA6-723D969277BB}.Release|Any CPU.ActiveCfg = Release|Any CPU
		{BFF1A514-7307-00C5-7EA6-723D969277BB}.Release|Any CPU.Build.0 = Release|Any CPU
		{A1E782C0-C699-13F8-7025-4E9C6EC7A563}.Debug|Any CPU.ActiveCfg = Debug|Any CPU
		{A1E782C0-C699-13F8-7025-4E9C6EC7A563}.Debug|Any CPU.Build.0 = Debug|Any CPU
		{A1E782C0-C699-13F8-7025-4E9C6EC7A563}.Release|Any CPU.ActiveCfg = Release|Any CPU
		{A1E782C0-C699-13F8-7025-4E9C6EC7A563}.Release|Any CPU.Build.0 = Release|Any CPU
		{98F5DAB2-ACB1-7702-A023-544FA171C45A}.Debug|Any CPU.ActiveCfg = Debug|Any CPU
		{98F5DAB2-ACB1-7702-A023-544FA171C45A}.Debug|Any CPU.Build.0 = Debug|Any CPU
		{98F5DAB2-ACB1-7702-A023-544FA171C45A}.Release|Any CPU.ActiveCfg = Release|Any CPU
		{98F5DAB2-ACB1-7702-A023-544FA171C45A}.Release|Any CPU.Build.0 = Release|Any CPU
		{C81A2509-A5BB-C93F-5F5D-C65787CC06C9}.Debug|Any CPU.ActiveCfg = Debug|Any CPU
		{C81A2509-A5BB-C93F-5F5D-C65787CC06C9}.Debug|Any CPU.Build.0 = Debug|Any CPU
		{C81A2509-A5BB-C93F-5F5D-C65787CC06C9}.Release|Any CPU.ActiveCfg = Release|Any CPU
		{C81A2509-A5BB-C93F-5F5D-C65787CC06C9}.Release|Any CPU.Build.0 = Release|Any CPU
		{FFE42818-DEA4-4F95-04F4-295162BDD87C}.Debug|Any CPU.ActiveCfg = Debug|Any CPU
		{FFE42818-DEA4-4F95-04F4-295162BDD87C}.Debug|Any CPU.Build.0 = Debug|Any CPU
		{FFE42818-DEA4-4F95-04F4-295162BDD87C}.Release|Any CPU.ActiveCfg = Release|Any CPU
		{FFE42818-DEA4-4F95-04F4-295162BDD87C}.Release|Any CPU.Build.0 = Release|Any CPU
		{A94F6788-F6B9-BD89-8450-E936CA72F280}.Debug|Any CPU.ActiveCfg = Debug|Any CPU
		{A94F6788-F6B9-BD89-8450-E936CA72F280}.Debug|Any CPU.Build.0 = Debug|Any CPU
		{A94F6788-F6B9-BD89-8450-E936CA72F280}.Release|Any CPU.ActiveCfg = Release|Any CPU
		{A94F6788-F6B9-BD89-8450-E936CA72F280}.Release|Any CPU.Build.0 = Release|Any CPU
		{D50F016E-8C35-4258-E5C1-19E34785B2DF}.Debug|Any CPU.ActiveCfg = Debug|Any CPU
		{D50F016E-8C35-4258-E5C1-19E34785B2DF}.Debug|Any CPU.Build.0 = Debug|Any CPU
		{D50F016E-8C35-4258-E5C1-19E34785B2DF}.Release|Any CPU.ActiveCfg = Release|Any CPU
		{D50F016E-8C35-4258-E5C1-19E34785B2DF}.Release|Any CPU.Build.0 = Release|Any CPU
		{FA68A03A-6888-3576-02D5-689273A26AAC}.Debug|Any CPU.ActiveCfg = Debug|Any CPU
		{FA68A03A-6888-3576-02D5-689273A26AAC}.Debug|Any CPU.Build.0 = Debug|Any CPU
		{FA68A03A-6888-3576-02D5-689273A26AAC}.Release|Any CPU.ActiveCfg = Release|Any CPU
		{FA68A03A-6888-3576-02D5-689273A26AAC}.Release|Any CPU.Build.0 = Release|Any CPU
		{1939E5E4-5E77-B8C6-C2C2-49EAFFD9EE4B}.Debug|Any CPU.ActiveCfg = Debug|Any CPU
		{1939E5E4-5E77-B8C6-C2C2-49EAFFD9EE4B}.Debug|Any CPU.Build.0 = Debug|Any CPU
		{1939E5E4-5E77-B8C6-C2C2-49EAFFD9EE4B}.Release|Any CPU.ActiveCfg = Release|Any CPU
		{1939E5E4-5E77-B8C6-C2C2-49EAFFD9EE4B}.Release|Any CPU.Build.0 = Release|Any CPU
		{DA6DE7FF-CD0D-8D31-174D-CA28403C8132}.Debug|Any CPU.ActiveCfg = Debug|Any CPU
		{DA6DE7FF-CD0D-8D31-174D-CA28403C8132}.Debug|Any CPU.Build.0 = Debug|Any CPU
		{DA6DE7FF-CD0D-8D31-174D-CA28403C8132}.Release|Any CPU.ActiveCfg = Release|Any CPU
		{DA6DE7FF-CD0D-8D31-174D-CA28403C8132}.Release|Any CPU.Build.0 = Release|Any CPU
		{F1C22CBF-05D9-E782-E4BE-CE0229DAB6D6}.Debug|Any CPU.ActiveCfg = Debug|Any CPU
		{F1C22CBF-05D9-E782-E4BE-CE0229DAB6D6}.Debug|Any CPU.Build.0 = Debug|Any CPU
		{F1C22CBF-05D9-E782-E4BE-CE0229DAB6D6}.Release|Any CPU.ActiveCfg = Release|Any CPU
		{F1C22CBF-05D9-E782-E4BE-CE0229DAB6D6}.Release|Any CPU.Build.0 = Release|Any CPU
		{F73A924E-6E45-E49B-361E-DE31A4CDE871}.Debug|Any CPU.ActiveCfg = Debug|Any CPU
		{F73A924E-6E45-E49B-361E-DE31A4CDE871}.Debug|Any CPU.Build.0 = Debug|Any CPU
		{F73A924E-6E45-E49B-361E-DE31A4CDE871}.Release|Any CPU.ActiveCfg = Release|Any CPU
		{F73A924E-6E45-E49B-361E-DE31A4CDE871}.Release|Any CPU.Build.0 = Release|Any CPU
		{D1947D8A-E635-8A3C-F01C-39BE0D83A462}.Debug|Any CPU.ActiveCfg = Debug|Any CPU
		{D1947D8A-E635-8A3C-F01C-39BE0D83A462}.Debug|Any CPU.Build.0 = Debug|Any CPU
		{D1947D8A-E635-8A3C-F01C-39BE0D83A462}.Release|Any CPU.ActiveCfg = Release|Any CPU
		{D1947D8A-E635-8A3C-F01C-39BE0D83A462}.Release|Any CPU.Build.0 = Release|Any CPU
		{6F32967D-6C11-2088-EF0E-C2FCDA18D080}.Debug|Any CPU.ActiveCfg = Debug|Any CPU
		{6F32967D-6C11-2088-EF0E-C2FCDA18D080}.Debug|Any CPU.Build.0 = Debug|Any CPU
		{6F32967D-6C11-2088-EF0E-C2FCDA18D080}.Release|Any CPU.ActiveCfg = Release|Any CPU
		{6F32967D-6C11-2088-EF0E-C2FCDA18D080}.Release|Any CPU.Build.0 = Release|Any CPU
		{30B68DF3-AC60-8656-B1FB-ACE6857450A6}.Debug|Any CPU.ActiveCfg = Debug|Any CPU
		{30B68DF3-AC60-8656-B1FB-ACE6857450A6}.Debug|Any CPU.Build.0 = Debug|Any CPU
		{30B68DF3-AC60-8656-B1FB-ACE6857450A6}.Release|Any CPU.ActiveCfg = Release|Any CPU
		{30B68DF3-AC60-8656-B1FB-ACE6857450A6}.Release|Any CPU.Build.0 = Release|Any CPU
		{D62FB696-75AD-0CA2-6394-6CFF7D7EA9FF}.Debug|Any CPU.ActiveCfg = Debug|Any CPU
		{D62FB696-75AD-0CA2-6394-6CFF7D7EA9FF}.Debug|Any CPU.Build.0 = Debug|Any CPU
		{D62FB696-75AD-0CA2-6394-6CFF7D7EA9FF}.Release|Any CPU.ActiveCfg = Release|Any CPU
		{D62FB696-75AD-0CA2-6394-6CFF7D7EA9FF}.Release|Any CPU.Build.0 = Release|Any CPU
		{EE9634C3-4D94-0CA8-C860-4927622814DB}.Debug|Any CPU.ActiveCfg = Debug|Any CPU
		{EE9634C3-4D94-0CA8-C860-4927622814DB}.Debug|Any CPU.Build.0 = Debug|Any CPU
		{EE9634C3-4D94-0CA8-C860-4927622814DB}.Release|Any CPU.ActiveCfg = Release|Any CPU
		{EE9634C3-4D94-0CA8-C860-4927622814DB}.Release|Any CPU.Build.0 = Release|Any CPU
		{D349B916-65F9-9389-3963-A7AE958EE435}.Debug|Any CPU.ActiveCfg = Debug|Any CPU
		{D349B916-65F9-9389-3963-A7AE958EE435}.Debug|Any CPU.Build.0 = Debug|Any CPU
		{D349B916-65F9-9389-3963-A7AE958EE435}.Release|Any CPU.ActiveCfg = Release|Any CPU
		{D349B916-65F9-9389-3963-A7AE958EE435}.Release|Any CPU.Build.0 = Release|Any CPU
		{8691B0CD-7E9E-1BEB-0A0D-893BD7C41423}.Debug|Any CPU.ActiveCfg = Debug|Any CPU
		{8691B0CD-7E9E-1BEB-0A0D-893BD7C41423}.Debug|Any CPU.Build.0 = Debug|Any CPU
		{8691B0CD-7E9E-1BEB-0A0D-893BD7C41423}.Release|Any CPU.ActiveCfg = Release|Any CPU
		{8691B0CD-7E9E-1BEB-0A0D-893BD7C41423}.Release|Any CPU.Build.0 = Release|Any CPU
		{4F9496F8-E795-7775-434E-14ED1E88321F}.Debug|Any CPU.ActiveCfg = Debug|Any CPU
		{4F9496F8-E795-7775-434E-14ED1E88321F}.Debug|Any CPU.Build.0 = Debug|Any CPU
		{4F9496F8-E795-7775-434E-14ED1E88321F}.Release|Any CPU.ActiveCfg = Release|Any CPU
		{4F9496F8-E795-7775-434E-14ED1E88321F}.Release|Any CPU.Build.0 = Release|Any CPU
		{4BCD8E0A-947B-B168-ACC3-51FE8D551947}.Debug|Any CPU.ActiveCfg = Debug|Any CPU
		{4BCD8E0A-947B-B168-ACC3-51FE8D551947}.Debug|Any CPU.Build.0 = Debug|Any CPU
		{4BCD8E0A-947B-B168-ACC3-51FE8D551947}.Release|Any CPU.ActiveCfg = Release|Any CPU
		{4BCD8E0A-947B-B168-ACC3-51FE8D551947}.Release|Any CPU.Build.0 = Release|Any CPU
		{FAD92001-C970-F1FD-1E33-45E36943BB81}.Debug|Any CPU.ActiveCfg = Debug|Any CPU
		{FAD92001-C970-F1FD-1E33-45E36943BB81}.Debug|Any CPU.Build.0 = Debug|Any CPU
		{FAD92001-C970-F1FD-1E33-45E36943BB81}.Release|Any CPU.ActiveCfg = Release|Any CPU
		{FAD92001-C970-F1FD-1E33-45E36943BB81}.Release|Any CPU.Build.0 = Release|Any CPU
		{796647F6-904A-893B-1042-04C4FC828EE8}.Debug|Any CPU.ActiveCfg = Debug|Any CPU
		{796647F6-904A-893B-1042-04C4FC828EE8}.Debug|Any CPU.Build.0 = Debug|Any CPU
		{796647F6-904A-893B-1042-04C4FC828EE8}.Release|Any CPU.ActiveCfg = Release|Any CPU
		{796647F6-904A-893B-1042-04C4FC828EE8}.Release|Any CPU.Build.0 = Release|Any CPU
		{7250BEFA-162E-3461-D7D9-83EEE849FF79}.Debug|Any CPU.ActiveCfg = Debug|Any CPU
		{7250BEFA-162E-3461-D7D9-83EEE849FF79}.Debug|Any CPU.Build.0 = Debug|Any CPU
		{7250BEFA-162E-3461-D7D9-83EEE849FF79}.Release|Any CPU.ActiveCfg = Release|Any CPU
		{7250BEFA-162E-3461-D7D9-83EEE849FF79}.Release|Any CPU.Build.0 = Release|Any CPU
		{6F4BC382-ABF5-C984-F260-F12B9D6143E1}.Debug|Any CPU.ActiveCfg = Debug|Any CPU
		{6F4BC382-ABF5-C984-F260-F12B9D6143E1}.Debug|Any CPU.Build.0 = Debug|Any CPU
		{6F4BC382-ABF5-C984-F260-F12B9D6143E1}.Release|Any CPU.ActiveCfg = Release|Any CPU
		{6F4BC382-ABF5-C984-F260-F12B9D6143E1}.Release|Any CPU.Build.0 = Release|Any CPU
		{85136E50-A629-4F02-6075-315B97359BAB}.Debug|Any CPU.ActiveCfg = Debug|Any CPU
		{85136E50-A629-4F02-6075-315B97359BAB}.Debug|Any CPU.Build.0 = Debug|Any CPU
		{85136E50-A629-4F02-6075-315B97359BAB}.Release|Any CPU.ActiveCfg = Release|Any CPU
		{85136E50-A629-4F02-6075-315B97359BAB}.Release|Any CPU.Build.0 = Release|Any CPU
		{4E28BC74-2813-FA9C-025E-A7B9206C222D}.Debug|Any CPU.ActiveCfg = Debug|Any CPU
		{4E28BC74-2813-FA9C-025E-A7B9206C222D}.Debug|Any CPU.Build.0 = Debug|Any CPU
		{4E28BC74-2813-FA9C-025E-A7B9206C222D}.Release|Any CPU.ActiveCfg = Release|Any CPU
		{4E28BC74-2813-FA9C-025E-A7B9206C222D}.Release|Any CPU.Build.0 = Release|Any CPU
		{89935797-F10A-F676-0D67-64F100F33E3D}.Debug|Any CPU.ActiveCfg = Debug|Any CPU
		{89935797-F10A-F676-0D67-64F100F33E3D}.Debug|Any CPU.Build.0 = Debug|Any CPU
		{89935797-F10A-F676-0D67-64F100F33E3D}.Release|Any CPU.ActiveCfg = Release|Any CPU
		{89935797-F10A-F676-0D67-64F100F33E3D}.Release|Any CPU.Build.0 = Release|Any CPU
		{1CE40032-8118-5EDA-2942-53FE8D95FA7B}.Debug|Any CPU.ActiveCfg = Debug|Any CPU
		{1CE40032-8118-5EDA-2942-53FE8D95FA7B}.Debug|Any CPU.Build.0 = Debug|Any CPU
		{1CE40032-8118-5EDA-2942-53FE8D95FA7B}.Release|Any CPU.ActiveCfg = Release|Any CPU
		{1CE40032-8118-5EDA-2942-53FE8D95FA7B}.Release|Any CPU.Build.0 = Release|Any CPU
		{40542FBE-0335-45A6-C0FD-B3838D198554}.Debug|Any CPU.ActiveCfg = Debug|Any CPU
		{40542FBE-0335-45A6-C0FD-B3838D198554}.Debug|Any CPU.Build.0 = Debug|Any CPU
		{40542FBE-0335-45A6-C0FD-B3838D198554}.Release|Any CPU.ActiveCfg = Release|Any CPU
		{40542FBE-0335-45A6-C0FD-B3838D198554}.Release|Any CPU.Build.0 = Release|Any CPU
		{5077E3C0-FF33-0049-6F1E-88E58F0733A4}.Debug|Any CPU.ActiveCfg = Debug|Any CPU
		{5077E3C0-FF33-0049-6F1E-88E58F0733A4}.Debug|Any CPU.Build.0 = Debug|Any CPU
		{5077E3C0-FF33-0049-6F1E-88E58F0733A4}.Release|Any CPU.ActiveCfg = Release|Any CPU
		{5077E3C0-FF33-0049-6F1E-88E58F0733A4}.Release|Any CPU.Build.0 = Release|Any CPU
		{88364566-6F2C-FEEA-C6E2-D9669A1E1AAC}.Debug|Any CPU.ActiveCfg = Debug|Any CPU
		{88364566-6F2C-FEEA-C6E2-D9669A1E1AAC}.Debug|Any CPU.Build.0 = Debug|Any CPU
		{88364566-6F2C-FEEA-C6E2-D9669A1E1AAC}.Release|Any CPU.ActiveCfg = Release|Any CPU
		{88364566-6F2C-FEEA-C6E2-D9669A1E1AAC}.Release|Any CPU.Build.0 = Release|Any CPU
		{089A7698-DB8A-2E75-D621-9638A8452376}.Debug|Any CPU.ActiveCfg = Debug|Any CPU
		{089A7698-DB8A-2E75-D621-9638A8452376}.Debug|Any CPU.Build.0 = Debug|Any CPU
		{089A7698-DB8A-2E75-D621-9638A8452376}.Release|Any CPU.ActiveCfg = Release|Any CPU
		{089A7698-DB8A-2E75-D621-9638A8452376}.Release|Any CPU.Build.0 = Release|Any CPU
		{640F7713-3DB9-29D0-FF8C-6C5E146A74C6}.Debug|Any CPU.ActiveCfg = Debug|Any CPU
		{640F7713-3DB9-29D0-FF8C-6C5E146A74C6}.Debug|Any CPU.Build.0 = Debug|Any CPU
		{640F7713-3DB9-29D0-FF8C-6C5E146A74C6}.Release|Any CPU.ActiveCfg = Release|Any CPU
		{640F7713-3DB9-29D0-FF8C-6C5E146A74C6}.Release|Any CPU.Build.0 = Release|Any CPU
		{86F859E3-9AA7-3C5C-9A30-AD988567F55F}.Debug|Any CPU.ActiveCfg = Debug|Any CPU
		{86F859E3-9AA7-3C5C-9A30-AD988567F55F}.Debug|Any CPU.Build.0 = Debug|Any CPU
		{86F859E3-9AA7-3C5C-9A30-AD988567F55F}.Release|Any CPU.ActiveCfg = Release|Any CPU
		{86F859E3-9AA7-3C5C-9A30-AD988567F55F}.Release|Any CPU.Build.0 = Release|Any CPU
		{62109640-75B5-2E89-F8B9-D7F5F803E3B8}.Debug|Any CPU.ActiveCfg = Debug|Any CPU
		{62109640-75B5-2E89-F8B9-D7F5F803E3B8}.Debug|Any CPU.Build.0 = Debug|Any CPU
		{62109640-75B5-2E89-F8B9-D7F5F803E3B8}.Release|Any CPU.ActiveCfg = Release|Any CPU
		{62109640-75B5-2E89-F8B9-D7F5F803E3B8}.Release|Any CPU.Build.0 = Release|Any CPU
		{DC91C76C-568D-8EB5-6FE7-491CC9C4100C}.Debug|Any CPU.ActiveCfg = Debug|Any CPU
		{DC91C76C-568D-8EB5-6FE7-491CC9C4100C}.Debug|Any CPU.Build.0 = Debug|Any CPU
		{DC91C76C-568D-8EB5-6FE7-491CC9C4100C}.Release|Any CPU.ActiveCfg = Release|Any CPU
		{DC91C76C-568D-8EB5-6FE7-491CC9C4100C}.Release|Any CPU.Build.0 = Release|Any CPU
		{CCE3AC9B-1A29-9BDE-6658-66CAD239DE62}.Debug|Any CPU.ActiveCfg = Debug|Any CPU
		{CCE3AC9B-1A29-9BDE-6658-66CAD239DE62}.Debug|Any CPU.Build.0 = Debug|Any CPU
		{CCE3AC9B-1A29-9BDE-6658-66CAD239DE62}.Release|Any CPU.ActiveCfg = Release|Any CPU
		{CCE3AC9B-1A29-9BDE-6658-66CAD239DE62}.Release|Any CPU.Build.0 = Release|Any CPU
		{7EFE9F63-FE8C-C4EE-A498-8726D48A9BD3}.Debug|Any CPU.ActiveCfg = Debug|Any CPU
		{7EFE9F63-FE8C-C4EE-A498-8726D48A9BD3}.Debug|Any CPU.Build.0 = Debug|Any CPU
		{7EFE9F63-FE8C-C4EE-A498-8726D48A9BD3}.Release|Any CPU.ActiveCfg = Release|Any CPU
		{7EFE9F63-FE8C-C4EE-A498-8726D48A9BD3}.Release|Any CPU.Build.0 = Release|Any CPU
	EndGlobalSection
	GlobalSection(SolutionProperties) = preSolution
		HideSolutionNode = FALSE
	EndGlobalSection
EndGlobal
