
Microsoft Visual Studio Solution File, Format Version 12.00
# Visual Studio 15
Project("{FAE04EC0-301F-11D3-BF4B-00C04F79EFBC}") = "UnityEngine.UI", "UnityEngine.UI.csproj", "{7A03BD14-FFB8-E3A6-F041-D376555ABAD7}"
EndProject
Project("{FAE04EC0-301F-11D3-BF4B-00C04F79EFBC}") = "UnityEngine.TestRunner", "UnityEngine.TestRunner.csproj", "{BF7EB627-69F8-CC65-3AE4-475E7934334F}"
EndProject
Project("{FAE04EC0-301F-11D3-BF4B-00C04F79EFBC}") = "Assembly-CSharp", "Assembly-CSharp.csproj", "{30EA5413-EF7F-9AB9-E1AE-5C7F791F3AD9}"
EndProject
Project("{FAE04EC0-301F-11D3-BF4B-00C04F79EFBC}") = "Unity.2D.Animation.Triangle.Runtime", "Unity.2D.Animation.Triangle.Runtime.csproj", "{A76818F0-7E02-100D-68F7-60B1794F138E}"
EndProject
Project("{FAE04EC0-301F-11D3-BF4B-00C04F79EFBC}") = "Unity.Barracuda", "Unity.Barracuda.csproj", "{19893896-E6B9-2F0A-0012-A90079834525}"
EndProject
Project("{FAE04EC0-301F-11D3-BF4B-00C04F79EFBC}") = "Unity.TextMeshPro", "Unity.TextMeshPro.csproj", "{4B853581-9802-0569-3A4F-6D2158499426}"
EndProject
Project("{FAE04EC0-301F-11D3-BF4B-00C04F79EFBC}") = "Unity.ML-Agents", "Unity.ML-Agents.csproj", "{D7C3ADDF-7C82-609E-EC42-74336E93DA72}"
EndProject
Project("{FAE04EC0-301F-11D3-BF4B-00C04F79EFBC}") = "Unity.2D.Animation.Runtime", "Unity.2D.Animation.Runtime.csproj", "{06E0A39F-F55D-2D83-B4FA-DE28C911E6C4}"
EndProject
Project("{FAE04EC0-301F-11D3-BF4B-00C04F79EFBC}") = "Unity.Timeline", "Unity.Timeline.csproj", "{C36F4A80-8C3B-CFAD-51E0-72B150B94DAA}"
EndProject
Project("{FAE04EC0-301F-11D3-BF4B-00C04F79EFBC}") = "AstarPathfindingProject", "AstarPathfindingProject.csproj", "{89499DFC-2D69-0D32-99F4-45D1E80D87A9}"
EndProject
Project("{FAE04EC0-301F-11D3-BF4B-00C04F79EFBC}") = "Unity.Mathematics", "Unity.Mathematics.csproj", "{BBD66C54-7309-1228-DC31-5E9E645BB3A4}"
EndProject
Project("{FAE04EC0-301F-11D3-BF4B-00C04F79EFBC}") = "Unity.2D.SpriteShape.Runtime", "Unity.2D.SpriteShape.Runtime.csproj", "{0FEB530A-062A-B377-575E-7AE5C62335DB}"
EndProject
Project("{FAE04EC0-301F-11D3-BF4B-00C04F79EFBC}") = "Unity.Burst", "Unity.Burst.csproj", "{7DD72445-DBAF-86A6-B907-5EB90C4FDDE2}"
EndProject
Project("{FAE04EC0-301F-11D3-BF4B-00C04F79EFBC}") = "Unity.ML-Agents.CommunicatorObjects", "Unity.ML-Agents.CommunicatorObjects.csproj", "{04BE9157-D31E-26EB-5FE1-9301CAFA8B35}"
EndProject
Project("{FAE04EC0-301F-11D3-BF4B-00C04F79EFBC}") = "Unity.Barracuda.ONNX", "Unity.Barracuda.ONNX.csproj", "{175F1105-62D4-B414-FE6C-37E3124F995A}"
EndProject
Project("{FAE04EC0-301F-11D3-BF4B-00C04F79EFBC}") = "Unity.2D.PixelPerfect", "Unity.2D.PixelPerfect.csproj", "{C999540A-758C-1F52-8BA3-DD92F267CA1D}"
EndProject
Project("{FAE04EC0-301F-11D3-BF4B-00C04F79EFBC}") = "Unity.Barracuda.MacBLAS", "Unity.Barracuda.MacBLAS.csproj", "{54F2FEE0-60EB-299B-805D-893BCC8AEB33}"
EndProject
Project("{FAE04EC0-301F-11D3-BF4B-00C04F79EFBC}") = "Unity.InternalAPIEngineBridge.001", "Unity.InternalAPIEngineBridge.001.csproj", "{AA6167F0-A3AD-4498-F8ED-D45D8296F12E}"
EndProject
Project("{FAE04EC0-301F-11D3-BF4B-00C04F79EFBC}") = "Unity.Barracuda.BurstBLAS", "Unity.Barracuda.BurstBLAS.csproj", "{661EB624-5098-741F-8887-463AB53620FE}"
EndProject
Project("{FAE04EC0-301F-11D3-BF4B-00C04F79EFBC}") = "Unity.Barracuda.iOSBLAS", "Unity.Barracuda.iOSBLAS.csproj", "{78770538-971F-AFC8-D8EC-0B22958DAB4D}"
EndProject
Project("{FAE04EC0-301F-11D3-BF4B-00C04F79EFBC}") = "Unity.2D.Common.Runtime", "Unity.2D.Common.Runtime.csproj", "{FA069839-9E76-B216-A6C3-0A8081764D19}"
EndProject
Project("{FAE04EC0-301F-11D3-BF4B-00C04F79EFBC}") = "UnityEditor.TestRunner", "UnityEditor.TestRunner.csproj", "{0A7B3EBC-37A4-318A-6987-58E340B68376}"
EndProject
Project("{FAE04EC0-301F-11D3-BF4B-00C04F79EFBC}") = "Unity.TextMeshPro.Editor", "Unity.TextMeshPro.Editor.csproj", "{83E19DD1-7EE5-22E2-365C-C56C687CF02D}"
EndProject
Project("{FAE04EC0-301F-11D3-BF4B-00C04F79EFBC}") = "Unity.Timeline.Editor", "Unity.Timeline.Editor.csproj", "{E0428FBB-8E22-1637-2E5E-2E3416135DFA}"
EndProject
Project("{FAE04EC0-301F-11D3-BF4B-00C04F79EFBC}") = "com.unity.quicksearch", "com.unity.quicksearch.csproj", "{8BF839BF-12D4-0A5D-FE53-7B493A1CD40C}"
EndProject
Project("{FAE04EC0-301F-11D3-BF4B-00C04F79EFBC}") = "Unity.2D.Animation.Editor", "Unity.2D.Animation.Editor.csproj", "{C539274E-7A2E-8964-AE09-81103B525C3D}"
EndProject
Project("{FAE04EC0-301F-11D3-BF4B-00C04F79EFBC}") = "Unity.2D.Path.Editor", "Unity.2D.Path.Editor.csproj", "{163996CA-1FA8-CD6B-ACF4-439ECEFE6CE2}"
EndProject
Project("{FAE04EC0-301F-11D3-BF4B-00C04F79EFBC}") = "AstarPathfindingProjectEditor", "AstarPathfindingProjectEditor.csproj", "{C58C135C-FD7B-C12C-B4AC-B7603951520D}"
EndProject
Project("{FAE04EC0-301F-11D3-BF4B-00C04F79EFBC}") = "Unity.2D.Sprite.Editor", "Unity.2D.Sprite.Editor.csproj", "{F2EB19EB-B33A-D47F-CA4C-4FDAE0464193}"
EndProject
Project("{FAE04EC0-301F-11D3-BF4B-00C04F79EFBC}") = "UnityEditor.UI", "UnityEditor.UI.csproj", "{DC78E9D4-44EB-4976-263A-4C12125A4A0D}"
EndProject
Project("{FAE04EC0-301F-11D3-BF4B-00C04F79EFBC}") = "Assembly-CSharp-Editor", "Assembly-CSharp-Editor.csproj", "{9050D305-2ACB-7BE7-442B-71A1745BD8A5}"
EndProject
Project("{FAE04EC0-301F-11D3-BF4B-00C04F79EFBC}") = "Unity.Rider.Editor", "Unity.Rider.Editor.csproj", "{B5964ED0-B657-1EBE-E0AB-2F99D6ACFB4D}"
EndProject
Project("{FAE04EC0-301F-11D3-BF4B-00C04F79EFBC}") = "Unity.2D.Tilemap.Editor", "Unity.2D.Tilemap.Editor.csproj", "{F36C29DE-A4DB-0220-0F17-DCBED90BD6EE}"
EndProject
Project("{FAE04EC0-301F-11D3-BF4B-00C04F79EFBC}") = "Unity.ML-Agents.Editor", "Unity.ML-Agents.Editor.csproj", "{5678CE18-EB47-90A9-BC78-89789395A4E9}"
EndProject
Project("{FAE04EC0-301F-11D3-BF4B-00C04F79EFBC}") = "Unity.2D.SpriteShape.Editor", "Unity.2D.SpriteShape.Editor.csproj", "{63F83CCD-60D9-1915-8D39-68D1D8821665}"
EndProject
Project("{FAE04EC0-301F-11D3-BF4B-00C04F79EFBC}") = "PsdPlugin", "PsdPlugin.csproj", "{029D8513-54A9-9488-FFFA-CCF0A7AF96FF}"
EndProject
Project("{FAE04EC0-301F-11D3-BF4B-00C04F79EFBC}") = "Unity.Barracuda.Editor", "Unity.Barracuda.Editor.csproj", "{47E0AA04-5457-F163-BB3B-FA5B6EF1EC21}"
EndProject
Project("{FAE04EC0-301F-11D3-BF4B-00C04F79EFBC}") = "PackageToolsEditor", "PackageToolsEditor.csproj", "{4E76BD4B-AA19-AEF3-9767-A332186770A2}"
EndProject
Project("{FAE04EC0-301F-11D3-BF4B-00C04F79EFBC}") = "Unity.CollabProxy.Editor", "Unity.CollabProxy.Editor.csproj", "{1647FFC0-9DC7-4FD6-F271-3317D102EFFC}"
EndProject
Project("{FAE04EC0-301F-11D3-BF4B-00C04F79EFBC}") = "Unity.2D.Common.Editor", "Unity.2D.Common.Editor.csproj", "{3B80D4F3-FD6E-5065-A442-5233C75E9E6F}"
EndProject
Project("{FAE04EC0-301F-11D3-BF4B-00C04F79EFBC}") = "Unity.VSCode.Editor", "Unity.VSCode.Editor.csproj", "{CF4121C8-F86A-663A-BDAC-B1B9A6F6A251}"
EndProject
Project("{FAE04EC0-301F-11D3-BF4B-00C04F79EFBC}") = "Unity.2D.Psdimporter.Editor", "Unity.2D.Psdimporter.Editor.csproj", "{6EBE0E73-AA73-80F2-EA1D-215FE74E07E6}"
EndProject
Project("{FAE04EC0-301F-11D3-BF4B-00C04F79EFBC}") = "Unity.Burst.Editor", "Unity.Burst.Editor.csproj", "{9A114BFD-5F2A-E5D1-FC3C-62EB80E3FA60}"
EndProject
Project("{FAE04EC0-301F-11D3-BF4B-00C04F79EFBC}") = "Unity.2D.PixelPerfect.Editor", "Unity.2D.PixelPerfect.Editor.csproj", "{D60D3B70-02FC-8DA8-5936-2B44C57B6FFA}"
EndProject
Project("{FAE04EC0-301F-11D3-BF4B-00C04F79EFBC}") = "Unity.Mathematics.Editor", "Unity.Mathematics.Editor.csproj", "{1BD77449-003A-E51A-38F6-4DC6A099E69E}"
EndProject
Project("{FAE04EC0-301F-11D3-BF4B-00C04F79EFBC}") = "Unity.InternalAPIEditorBridge.001", "Unity.InternalAPIEditorBridge.001.csproj", "{3A78D22C-F95B-BBB1-12ED-E3D1994AEB00}"
EndProject
Global
	GlobalSection(SolutionConfigurationPlatforms) = preSolution
		Debug|Any CPU = Debug|Any CPU
		Release|Any CPU = Release|Any CPU
	EndGlobalSection
	GlobalSection(ProjectConfigurationPlatforms) = postSolution
		{7A03BD14-FFB8-E3A6-F041-D376555ABAD7}.Debug|Any CPU.ActiveCfg = Debug|Any CPU
		{7A03BD14-FFB8-E3A6-F041-D376555ABAD7}.Debug|Any CPU.Build.0 = Debug|Any CPU
		{7A03BD14-FFB8-E3A6-F041-D376555ABAD7}.Release|Any CPU.ActiveCfg = Release|Any CPU
		{7A03BD14-FFB8-E3A6-F041-D376555ABAD7}.Release|Any CPU.Build.0 = Release|Any CPU
		{BF7EB627-69F8-CC65-3AE4-475E7934334F}.Debug|Any CPU.ActiveCfg = Debug|Any CPU
		{BF7EB627-69F8-CC65-3AE4-475E7934334F}.Debug|Any CPU.Build.0 = Debug|Any CPU
		{BF7EB627-69F8-CC65-3AE4-475E7934334F}.Release|Any CPU.ActiveCfg = Release|Any CPU
		{BF7EB627-69F8-CC65-3AE4-475E7934334F}.Release|Any CPU.Build.0 = Release|Any CPU
		{30EA5413-EF7F-9AB9-E1AE-5C7F791F3AD9}.Debug|Any CPU.ActiveCfg = Debug|Any CPU
		{30EA5413-EF7F-9AB9-E1AE-5C7F791F3AD9}.Debug|Any CPU.Build.0 = Debug|Any CPU
		{30EA5413-EF7F-9AB9-E1AE-5C7F791F3AD9}.Release|Any CPU.ActiveCfg = Release|Any CPU
		{30EA5413-EF7F-9AB9-E1AE-5C7F791F3AD9}.Release|Any CPU.Build.0 = Release|Any CPU
		{A76818F0-7E02-100D-68F7-60B1794F138E}.Debug|Any CPU.ActiveCfg = Debug|Any CPU
		{A76818F0-7E02-100D-68F7-60B1794F138E}.Debug|Any CPU.Build.0 = Debug|Any CPU
		{A76818F0-7E02-100D-68F7-60B1794F138E}.Release|Any CPU.ActiveCfg = Release|Any CPU
		{A76818F0-7E02-100D-68F7-60B1794F138E}.Release|Any CPU.Build.0 = Release|Any CPU
		{19893896-E6B9-2F0A-0012-A90079834525}.Debug|Any CPU.ActiveCfg = Debug|Any CPU
		{19893896-E6B9-2F0A-0012-A90079834525}.Debug|Any CPU.Build.0 = Debug|Any CPU
		{19893896-E6B9-2F0A-0012-A90079834525}.Release|Any CPU.ActiveCfg = Release|Any CPU
		{19893896-E6B9-2F0A-0012-A90079834525}.Release|Any CPU.Build.0 = Release|Any CPU
		{4B853581-9802-0569-3A4F-6D2158499426}.Debug|Any CPU.ActiveCfg = Debug|Any CPU
		{4B853581-9802-0569-3A4F-6D2158499426}.Debug|Any CPU.Build.0 = Debug|Any CPU
		{4B853581-9802-0569-3A4F-6D2158499426}.Release|Any CPU.ActiveCfg = Release|Any CPU
		{4B853581-9802-0569-3A4F-6D2158499426}.Release|Any CPU.Build.0 = Release|Any CPU
		{D7C3ADDF-7C82-609E-EC42-74336E93DA72}.Debug|Any CPU.ActiveCfg = Debug|Any CPU
		{D7C3ADDF-7C82-609E-EC42-74336E93DA72}.Debug|Any CPU.Build.0 = Debug|Any CPU
		{D7C3ADDF-7C82-609E-EC42-74336E93DA72}.Release|Any CPU.ActiveCfg = Release|Any CPU
		{D7C3ADDF-7C82-609E-EC42-74336E93DA72}.Release|Any CPU.Build.0 = Release|Any CPU
		{06E0A39F-F55D-2D83-B4FA-DE28C911E6C4}.Debug|Any CPU.ActiveCfg = Debug|Any CPU
		{06E0A39F-F55D-2D83-B4FA-DE28C911E6C4}.Debug|Any CPU.Build.0 = Debug|Any CPU
		{06E0A39F-F55D-2D83-B4FA-DE28C911E6C4}.Release|Any CPU.ActiveCfg = Release|Any CPU
		{06E0A39F-F55D-2D83-B4FA-DE28C911E6C4}.Release|Any CPU.Build.0 = Release|Any CPU
		{C36F4A80-8C3B-CFAD-51E0-72B150B94DAA}.Debug|Any CPU.ActiveCfg = Debug|Any CPU
		{C36F4A80-8C3B-CFAD-51E0-72B150B94DAA}.Debug|Any CPU.Build.0 = Debug|Any CPU
		{C36F4A80-8C3B-CFAD-51E0-72B150B94DAA}.Release|Any CPU.ActiveCfg = Release|Any CPU
		{C36F4A80-8C3B-CFAD-51E0-72B150B94DAA}.Release|Any CPU.Build.0 = Release|Any CPU
		{89499DFC-2D69-0D32-99F4-45D1E80D87A9}.Debug|Any CPU.ActiveCfg = Debug|Any CPU
		{89499DFC-2D69-0D32-99F4-45D1E80D87A9}.Debug|Any CPU.Build.0 = Debug|Any CPU
		{89499DFC-2D69-0D32-99F4-45D1E80D87A9}.Release|Any CPU.ActiveCfg = Release|Any CPU
		{89499DFC-2D69-0D32-99F4-45D1E80D87A9}.Release|Any CPU.Build.0 = Release|Any CPU
		{BBD66C54-7309-1228-DC31-5E9E645BB3A4}.Debug|Any CPU.ActiveCfg = Debug|Any CPU
		{BBD66C54-7309-1228-DC31-5E9E645BB3A4}.Debug|Any CPU.Build.0 = Debug|Any CPU
		{BBD66C54-7309-1228-DC31-5E9E645BB3A4}.Release|Any CPU.ActiveCfg = Release|Any CPU
		{BBD66C54-7309-1228-DC31-5E9E645BB3A4}.Release|Any CPU.Build.0 = Release|Any CPU
		{0FEB530A-062A-B377-575E-7AE5C62335DB}.Debug|Any CPU.ActiveCfg = Debug|Any CPU
		{0FEB530A-062A-B377-575E-7AE5C62335DB}.Debug|Any CPU.Build.0 = Debug|Any CPU
		{0FEB530A-062A-B377-575E-7AE5C62335DB}.Release|Any CPU.ActiveCfg = Release|Any CPU
		{0FEB530A-062A-B377-575E-7AE5C62335DB}.Release|Any CPU.Build.0 = Release|Any CPU
		{7DD72445-DBAF-86A6-B907-5EB90C4FDDE2}.Debug|Any CPU.ActiveCfg = Debug|Any CPU
		{7DD72445-DBAF-86A6-B907-5EB90C4FDDE2}.Debug|Any CPU.Build.0 = Debug|Any CPU
		{7DD72445-DBAF-86A6-B907-5EB90C4FDDE2}.Release|Any CPU.ActiveCfg = Release|Any CPU
		{7DD72445-DBAF-86A6-B907-5EB90C4FDDE2}.Release|Any CPU.Build.0 = Release|Any CPU
		{04BE9157-D31E-26EB-5FE1-9301CAFA8B35}.Debug|Any CPU.ActiveCfg = Debug|Any CPU
		{04BE9157-D31E-26EB-5FE1-9301CAFA8B35}.Debug|Any CPU.Build.0 = Debug|Any CPU
		{04BE9157-D31E-26EB-5FE1-9301CAFA8B35}.Release|Any CPU.ActiveCfg = Release|Any CPU
		{04BE9157-D31E-26EB-5FE1-9301CAFA8B35}.Release|Any CPU.Build.0 = Release|Any CPU
		{175F1105-62D4-B414-FE6C-37E3124F995A}.Debug|Any CPU.ActiveCfg = Debug|Any CPU
		{175F1105-62D4-B414-FE6C-37E3124F995A}.Debug|Any CPU.Build.0 = Debug|Any CPU
		{175F1105-62D4-B414-FE6C-37E3124F995A}.Release|Any CPU.ActiveCfg = Release|Any CPU
		{175F1105-62D4-B414-FE6C-37E3124F995A}.Release|Any CPU.Build.0 = Release|Any CPU
		{C999540A-758C-1F52-8BA3-DD92F267CA1D}.Debug|Any CPU.ActiveCfg = Debug|Any CPU
		{C999540A-758C-1F52-8BA3-DD92F267CA1D}.Debug|Any CPU.Build.0 = Debug|Any CPU
		{C999540A-758C-1F52-8BA3-DD92F267CA1D}.Release|Any CPU.ActiveCfg = Release|Any CPU
		{C999540A-758C-1F52-8BA3-DD92F267CA1D}.Release|Any CPU.Build.0 = Release|Any CPU
		{54F2FEE0-60EB-299B-805D-893BCC8AEB33}.Debug|Any CPU.ActiveCfg = Debug|Any CPU
		{54F2FEE0-60EB-299B-805D-893BCC8AEB33}.Debug|Any CPU.Build.0 = Debug|Any CPU
		{54F2FEE0-60EB-299B-805D-893BCC8AEB33}.Release|Any CPU.ActiveCfg = Release|Any CPU
		{54F2FEE0-60EB-299B-805D-893BCC8AEB33}.Release|Any CPU.Build.0 = Release|Any CPU
		{AA6167F0-A3AD-4498-F8ED-D45D8296F12E}.Debug|Any CPU.ActiveCfg = Debug|Any CPU
		{AA6167F0-A3AD-4498-F8ED-D45D8296F12E}.Debug|Any CPU.Build.0 = Debug|Any CPU
		{AA6167F0-A3AD-4498-F8ED-D45D8296F12E}.Release|Any CPU.ActiveCfg = Release|Any CPU
		{AA6167F0-A3AD-4498-F8ED-D45D8296F12E}.Release|Any CPU.Build.0 = Release|Any CPU
		{661EB624-5098-741F-8887-463AB53620FE}.Debug|Any CPU.ActiveCfg = Debug|Any CPU
		{661EB624-5098-741F-8887-463AB53620FE}.Debug|Any CPU.Build.0 = Debug|Any CPU
		{661EB624-5098-741F-8887-463AB53620FE}.Release|Any CPU.ActiveCfg = Release|Any CPU
		{661EB624-5098-741F-8887-463AB53620FE}.Release|Any CPU.Build.0 = Release|Any CPU
		{78770538-971F-AFC8-D8EC-0B22958DAB4D}.Debug|Any CPU.ActiveCfg = Debug|Any CPU
		{78770538-971F-AFC8-D8EC-0B22958DAB4D}.Debug|Any CPU.Build.0 = Debug|Any CPU
		{78770538-971F-AFC8-D8EC-0B22958DAB4D}.Release|Any CPU.ActiveCfg = Release|Any CPU
		{78770538-971F-AFC8-D8EC-0B22958DAB4D}.Release|Any CPU.Build.0 = Release|Any CPU
		{FA069839-9E76-B216-A6C3-0A8081764D19}.Debug|Any CPU.ActiveCfg = Debug|Any CPU
		{FA069839-9E76-B216-A6C3-0A8081764D19}.Debug|Any CPU.Build.0 = Debug|Any CPU
		{FA069839-9E76-B216-A6C3-0A8081764D19}.Release|Any CPU.ActiveCfg = Release|Any CPU
		{FA069839-9E76-B216-A6C3-0A8081764D19}.Release|Any CPU.Build.0 = Release|Any CPU
		{0A7B3EBC-37A4-318A-6987-58E340B68376}.Debug|Any CPU.ActiveCfg = Debug|Any CPU
		{0A7B3EBC-37A4-318A-6987-58E340B68376}.Debug|Any CPU.Build.0 = Debug|Any CPU
		{0A7B3EBC-37A4-318A-6987-58E340B68376}.Release|Any CPU.ActiveCfg = Release|Any CPU
		{0A7B3EBC-37A4-318A-6987-58E340B68376}.Release|Any CPU.Build.0 = Release|Any CPU
		{83E19DD1-7EE5-22E2-365C-C56C687CF02D}.Debug|Any CPU.ActiveCfg = Debug|Any CPU
		{83E19DD1-7EE5-22E2-365C-C56C687CF02D}.Debug|Any CPU.Build.0 = Debug|Any CPU
		{83E19DD1-7EE5-22E2-365C-C56C687CF02D}.Release|Any CPU.ActiveCfg = Release|Any CPU
		{83E19DD1-7EE5-22E2-365C-C56C687CF02D}.Release|Any CPU.Build.0 = Release|Any CPU
		{E0428FBB-8E22-1637-2E5E-2E3416135DFA}.Debug|Any CPU.ActiveCfg = Debug|Any CPU
		{E0428FBB-8E22-1637-2E5E-2E3416135DFA}.Debug|Any CPU.Build.0 = Debug|Any CPU
		{E0428FBB-8E22-1637-2E5E-2E3416135DFA}.Release|Any CPU.ActiveCfg = Release|Any CPU
		{E0428FBB-8E22-1637-2E5E-2E3416135DFA}.Release|Any CPU.Build.0 = Release|Any CPU
		{8BF839BF-12D4-0A5D-FE53-7B493A1CD40C}.Debug|Any CPU.ActiveCfg = Debug|Any CPU
		{8BF839BF-12D4-0A5D-FE53-7B493A1CD40C}.Debug|Any CPU.Build.0 = Debug|Any CPU
		{8BF839BF-12D4-0A5D-FE53-7B493A1CD40C}.Release|Any CPU.ActiveCfg = Release|Any CPU
		{8BF839BF-12D4-0A5D-FE53-7B493A1CD40C}.Release|Any CPU.Build.0 = Release|Any CPU
		{C539274E-7A2E-8964-AE09-81103B525C3D}.Debug|Any CPU.ActiveCfg = Debug|Any CPU
		{C539274E-7A2E-8964-AE09-81103B525C3D}.Debug|Any CPU.Build.0 = Debug|Any CPU
		{C539274E-7A2E-8964-AE09-81103B525C3D}.Release|Any CPU.ActiveCfg = Release|Any CPU
		{C539274E-7A2E-8964-AE09-81103B525C3D}.Release|Any CPU.Build.0 = Release|Any CPU
		{163996CA-1FA8-CD6B-ACF4-439ECEFE6CE2}.Debug|Any CPU.ActiveCfg = Debug|Any CPU
		{163996CA-1FA8-CD6B-ACF4-439ECEFE6CE2}.Debug|Any CPU.Build.0 = Debug|Any CPU
		{163996CA-1FA8-CD6B-ACF4-439ECEFE6CE2}.Release|Any CPU.ActiveCfg = Release|Any CPU
		{163996CA-1FA8-CD6B-ACF4-439ECEFE6CE2}.Release|Any CPU.Build.0 = Release|Any CPU
		{C58C135C-FD7B-C12C-B4AC-B7603951520D}.Debug|Any CPU.ActiveCfg = Debug|Any CPU
		{C58C135C-FD7B-C12C-B4AC-B7603951520D}.Debug|Any CPU.Build.0 = Debug|Any CPU
		{C58C135C-FD7B-C12C-B4AC-B7603951520D}.Release|Any CPU.ActiveCfg = Release|Any CPU
		{C58C135C-FD7B-C12C-B4AC-B7603951520D}.Release|Any CPU.Build.0 = Release|Any CPU
		{F2EB19EB-B33A-D47F-CA4C-4FDAE0464193}.Debug|Any CPU.ActiveCfg = Debug|Any CPU
		{F2EB19EB-B33A-D47F-CA4C-4FDAE0464193}.Debug|Any CPU.Build.0 = Debug|Any CPU
		{F2EB19EB-B33A-D47F-CA4C-4FDAE0464193}.Release|Any CPU.ActiveCfg = Release|Any CPU
		{F2EB19EB-B33A-D47F-CA4C-4FDAE0464193}.Release|Any CPU.Build.0 = Release|Any CPU
		{DC78E9D4-44EB-4976-263A-4C12125A4A0D}.Debug|Any CPU.ActiveCfg = Debug|Any CPU
		{DC78E9D4-44EB-4976-263A-4C12125A4A0D}.Debug|Any CPU.Build.0 = Debug|Any CPU
		{DC78E9D4-44EB-4976-263A-4C12125A4A0D}.Release|Any CPU.ActiveCfg = Release|Any CPU
		{DC78E9D4-44EB-4976-263A-4C12125A4A0D}.Release|Any CPU.Build.0 = Release|Any CPU
		{9050D305-2ACB-7BE7-442B-71A1745BD8A5}.Debug|Any CPU.ActiveCfg = Debug|Any CPU
		{9050D305-2ACB-7BE7-442B-71A1745BD8A5}.Debug|Any CPU.Build.0 = Debug|Any CPU
		{9050D305-2ACB-7BE7-442B-71A1745BD8A5}.Release|Any CPU.ActiveCfg = Release|Any CPU
		{9050D305-2ACB-7BE7-442B-71A1745BD8A5}.Release|Any CPU.Build.0 = Release|Any CPU
		{B5964ED0-B657-1EBE-E0AB-2F99D6ACFB4D}.Debug|Any CPU.ActiveCfg = Debug|Any CPU
		{B5964ED0-B657-1EBE-E0AB-2F99D6ACFB4D}.Debug|Any CPU.Build.0 = Debug|Any CPU
		{B5964ED0-B657-1EBE-E0AB-2F99D6ACFB4D}.Release|Any CPU.ActiveCfg = Release|Any CPU
		{B5964ED0-B657-1EBE-E0AB-2F99D6ACFB4D}.Release|Any CPU.Build.0 = Release|Any CPU
		{F36C29DE-A4DB-0220-0F17-DCBED90BD6EE}.Debug|Any CPU.ActiveCfg = Debug|Any CPU
		{F36C29DE-A4DB-0220-0F17-DCBED90BD6EE}.Debug|Any CPU.Build.0 = Debug|Any CPU
		{F36C29DE-A4DB-0220-0F17-DCBED90BD6EE}.Release|Any CPU.ActiveCfg = Release|Any CPU
		{F36C29DE-A4DB-0220-0F17-DCBED90BD6EE}.Release|Any CPU.Build.0 = Release|Any CPU
		{5678CE18-EB47-90A9-BC78-89789395A4E9}.Debug|Any CPU.ActiveCfg = Debug|Any CPU
		{5678CE18-EB47-90A9-BC78-89789395A4E9}.Debug|Any CPU.Build.0 = Debug|Any CPU
		{5678CE18-EB47-90A9-BC78-89789395A4E9}.Release|Any CPU.ActiveCfg = Release|Any CPU
		{5678CE18-EB47-90A9-BC78-89789395A4E9}.Release|Any CPU.Build.0 = Release|Any CPU
		{63F83CCD-60D9-1915-8D39-68D1D8821665}.Debug|Any CPU.ActiveCfg = Debug|Any CPU
		{63F83CCD-60D9-1915-8D39-68D1D8821665}.Debug|Any CPU.Build.0 = Debug|Any CPU
		{63F83CCD-60D9-1915-8D39-68D1D8821665}.Release|Any CPU.ActiveCfg = Release|Any CPU
		{63F83CCD-60D9-1915-8D39-68D1D8821665}.Release|Any CPU.Build.0 = Release|Any CPU
		{029D8513-54A9-9488-FFFA-CCF0A7AF96FF}.Debug|Any CPU.ActiveCfg = Debug|Any CPU
		{029D8513-54A9-9488-FFFA-CCF0A7AF96FF}.Debug|Any CPU.Build.0 = Debug|Any CPU
		{029D8513-54A9-9488-FFFA-CCF0A7AF96FF}.Release|Any CPU.ActiveCfg = Release|Any CPU
		{029D8513-54A9-9488-FFFA-CCF0A7AF96FF}.Release|Any CPU.Build.0 = Release|Any CPU
		{47E0AA04-5457-F163-BB3B-FA5B6EF1EC21}.Debug|Any CPU.ActiveCfg = Debug|Any CPU
		{47E0AA04-5457-F163-BB3B-FA5B6EF1EC21}.Debug|Any CPU.Build.0 = Debug|Any CPU
		{47E0AA04-5457-F163-BB3B-FA5B6EF1EC21}.Release|Any CPU.ActiveCfg = Release|Any CPU
		{47E0AA04-5457-F163-BB3B-FA5B6EF1EC21}.Release|Any CPU.Build.0 = Release|Any CPU
		{4E76BD4B-AA19-AEF3-9767-A332186770A2}.Debug|Any CPU.ActiveCfg = Debug|Any CPU
		{4E76BD4B-AA19-AEF3-9767-A332186770A2}.Debug|Any CPU.Build.0 = Debug|Any CPU
		{4E76BD4B-AA19-AEF3-9767-A332186770A2}.Release|Any CPU.ActiveCfg = Release|Any CPU
		{4E76BD4B-AA19-AEF3-9767-A332186770A2}.Release|Any CPU.Build.0 = Release|Any CPU
		{1647FFC0-9DC7-4FD6-F271-3317D102EFFC}.Debug|Any CPU.ActiveCfg = Debug|Any CPU
		{1647FFC0-9DC7-4FD6-F271-3317D102EFFC}.Debug|Any CPU.Build.0 = Debug|Any CPU
		{1647FFC0-9DC7-4FD6-F271-3317D102EFFC}.Release|Any CPU.ActiveCfg = Release|Any CPU
		{1647FFC0-9DC7-4FD6-F271-3317D102EFFC}.Release|Any CPU.Build.0 = Release|Any CPU
		{3B80D4F3-FD6E-5065-A442-5233C75E9E6F}.Debug|Any CPU.ActiveCfg = Debug|Any CPU
		{3B80D4F3-FD6E-5065-A442-5233C75E9E6F}.Debug|Any CPU.Build.0 = Debug|Any CPU
		{3B80D4F3-FD6E-5065-A442-5233C75E9E6F}.Release|Any CPU.ActiveCfg = Release|Any CPU
		{3B80D4F3-FD6E-5065-A442-5233C75E9E6F}.Release|Any CPU.Build.0 = Release|Any CPU
		{CF4121C8-F86A-663A-BDAC-B1B9A6F6A251}.Debug|Any CPU.ActiveCfg = Debug|Any CPU
		{CF4121C8-F86A-663A-BDAC-B1B9A6F6A251}.Debug|Any CPU.Build.0 = Debug|Any CPU
		{CF4121C8-F86A-663A-BDAC-B1B9A6F6A251}.Release|Any CPU.ActiveCfg = Release|Any CPU
		{CF4121C8-F86A-663A-BDAC-B1B9A6F6A251}.Release|Any CPU.Build.0 = Release|Any CPU
		{6EBE0E73-AA73-80F2-EA1D-215FE74E07E6}.Debug|Any CPU.ActiveCfg = Debug|Any CPU
		{6EBE0E73-AA73-80F2-EA1D-215FE74E07E6}.Debug|Any CPU.Build.0 = Debug|Any CPU
		{6EBE0E73-AA73-80F2-EA1D-215FE74E07E6}.Release|Any CPU.ActiveCfg = Release|Any CPU
		{6EBE0E73-AA73-80F2-EA1D-215FE74E07E6}.Release|Any CPU.Build.0 = Release|Any CPU
		{9A114BFD-5F2A-E5D1-FC3C-62EB80E3FA60}.Debug|Any CPU.ActiveCfg = Debug|Any CPU
		{9A114BFD-5F2A-E5D1-FC3C-62EB80E3FA60}.Debug|Any CPU.Build.0 = Debug|Any CPU
		{9A114BFD-5F2A-E5D1-FC3C-62EB80E3FA60}.Release|Any CPU.ActiveCfg = Release|Any CPU
		{9A114BFD-5F2A-E5D1-FC3C-62EB80E3FA60}.Release|Any CPU.Build.0 = Release|Any CPU
		{D60D3B70-02FC-8DA8-5936-2B44C57B6FFA}.Debug|Any CPU.ActiveCfg = Debug|Any CPU
		{D60D3B70-02FC-8DA8-5936-2B44C57B6FFA}.Debug|Any CPU.Build.0 = Debug|Any CPU
		{D60D3B70-02FC-8DA8-5936-2B44C57B6FFA}.Release|Any CPU.ActiveCfg = Release|Any CPU
		{D60D3B70-02FC-8DA8-5936-2B44C57B6FFA}.Release|Any CPU.Build.0 = Release|Any CPU
		{1BD77449-003A-E51A-38F6-4DC6A099E69E}.Debug|Any CPU.ActiveCfg = Debug|Any CPU
		{1BD77449-003A-E51A-38F6-4DC6A099E69E}.Debug|Any CPU.Build.0 = Debug|Any CPU
		{1BD77449-003A-E51A-38F6-4DC6A099E69E}.Release|Any CPU.ActiveCfg = Release|Any CPU
		{1BD77449-003A-E51A-38F6-4DC6A099E69E}.Release|Any CPU.Build.0 = Release|Any CPU
		{3A78D22C-F95B-BBB1-12ED-E3D1994AEB00}.Debug|Any CPU.ActiveCfg = Debug|Any CPU
		{3A78D22C-F95B-BBB1-12ED-E3D1994AEB00}.Debug|Any CPU.Build.0 = Debug|Any CPU
		{3A78D22C-F95B-BBB1-12ED-E3D1994AEB00}.Release|Any CPU.ActiveCfg = Release|Any CPU
		{3A78D22C-F95B-BBB1-12ED-E3D1994AEB00}.Release|Any CPU.Build.0 = Release|Any CPU
	EndGlobalSection
	GlobalSection(SolutionProperties) = preSolution
		HideSolutionNode = FALSE
	EndGlobalSection
EndGlobal
