
Microsoft Visual Studio Solution File, Format Version 12.00
# Visual Studio 15
Project("{FAE04EC0-301F-11D3-BF4B-00C04F79EFBC}") = "Assembly-CSharp", "Assembly-CSharp.csproj", "{AABA97EC-6674-C180-980F-8D3E6BE04AA3}"
EndProject
Global
	GlobalSection(SolutionConfigurationPlatforms) = preSolution
		Debug|Any CPU = Debug|Any CPU
		Release|Any CPU = Release|Any CPU
	EndGlobalSection
	GlobalSection(ProjectConfigurationPlatforms) = postSolution
		{AABA97EC-6674-C180-980F-8D3E6BE04AA3}.Debug|Any CPU.ActiveCfg = Debug|Any CPU
		{AABA97EC-6674-C180-980F-8D3E6BE04AA3}.Debug|Any CPU.Build.0 = Debug|Any CPU
		{AABA97EC-6674-C180-980F-8D3E6BE04AA3}.Release|Any CPU.ActiveCfg = Release|Any CPU
		{AABA97EC-6674-C180-980F-8D3E6BE04AA3}.Release|Any CPU.Build.0 = Release|Any CPU
	EndGlobalSection
	GlobalSection(SolutionProperties) = preSolution
		HideSolutionNode = FALSE
	EndGlobalSection
EndGlobal
